// !$*UTF8*$!
{
	archiveVersion = 1;
	classes = {
	};
	objectVersion = 48;
	objects = {

/* Begin PBXBuildFile section */
		6913C3B71FDFD64A006483C1 /* Port.swift in Sources */ = {isa = PBXBuildFile; fileRef = 6913C3B61FDFD64A006483C1 /* Port.swift */; };
		6913C3B81FDFD64A006483C1 /* Port.swift in Sources */ = {isa = PBXBuildFile; fileRef = 6913C3B61FDFD64A006483C1 /* Port.swift */; };
		6913C4151FE12620006483C1 /* RAWUDPSocket.swift in Sources */ = {isa = PBXBuildFile; fileRef = 6913C4141FE12620006483C1 /* RAWUDPSocket.swift */; };
		6913C4161FE12620006483C1 /* RAWUDPSocket.swift in Sources */ = {isa = PBXBuildFile; fileRef = 6913C4141FE12620006483C1 /* RAWUDPSocket.swift */; };
		6913C4181FE12636006483C1 /* NWUDPSocket.swift in Sources */ = {isa = PBXBuildFile; fileRef = 6913C4171FE12636006483C1 /* NWUDPSocket.swift */; };
		6913C4191FE12636006483C1 /* NWUDPSocket.swift in Sources */ = {isa = PBXBuildFile; fileRef = 6913C4171FE12636006483C1 /* NWUDPSocket.swift */; };
		691EBDA21FC5705B005FDCAF /* XSocket.h in Headers */ = {isa = PBXBuildFile; fileRef = 691EBDA01FC5705B005FDCAF /* XSocket.h */; settings = {ATTRIBUTES = (Public, ); }; };
		691EBDA91FC5723B005FDCAF /* GCDTCPSocket.swift in Sources */ = {isa = PBXBuildFile; fileRef = 691EBDA81FC5723B005FDCAF /* GCDTCPSocket.swift */; };
		691EBDAB1FC57242005FDCAF /* NWTCPSocket.swift in Sources */ = {isa = PBXBuildFile; fileRef = 691EBDAA1FC57242005FDCAF /* NWTCPSocket.swift */; };
		691EBDB11FC5732C005FDCAF /* RawSocketProtocol.swift in Sources */ = {isa = PBXBuildFile; fileRef = 691EBDB01FC5732C005FDCAF /* RawSocketProtocol.swift */; };
		691EBDB31FC57341005FDCAF /* StreamScanner.swift in Sources */ = {isa = PBXBuildFile; fileRef = 691EBDB21FC57341005FDCAF /* StreamScanner.swift */; };
		691EBDB51FC5736F005FDCAF /* IPAddress.swift in Sources */ = {isa = PBXBuildFile; fileRef = 691EBDB41FC5736F005FDCAF /* IPAddress.swift */; };
		691EBDB71FC57385005FDCAF /* Opt.swift in Sources */ = {isa = PBXBuildFile; fileRef = 691EBDB61FC57385005FDCAF /* Opt.swift */; };
		691EBDB91FC57399005FDCAF /* RawSocketFactory.swift in Sources */ = {isa = PBXBuildFile; fileRef = 691EBDB81FC57399005FDCAF /* RawSocketFactory.swift */; };
		691EBDBB1FC573BA005FDCAF /* Xsocket.swift in Sources */ = {isa = PBXBuildFile; fileRef = 691EBDBA1FC573BA005FDCAF /* Xsocket.swift */; };
		691EBE4B1FC66E61005FDCAF /* XSocketMac.h in Headers */ = {isa = PBXBuildFile; fileRef = 691EBE491FC66E61005FDCAF /* XSocketMac.h */; settings = {ATTRIBUTES = (Public, ); }; };
		691EBE4F1FC66E6A005FDCAF /* IPAddress.swift in Sources */ = {isa = PBXBuildFile; fileRef = 691EBDB41FC5736F005FDCAF /* IPAddress.swift */; };
		691EBE501FC66E6E005FDCAF /* RawSocketProtocol.swift in Sources */ = {isa = PBXBuildFile; fileRef = 691EBDB01FC5732C005FDCAF /* RawSocketProtocol.swift */; };
		691EBE511FC66E71005FDCAF /* GCDTCPSocket.swift in Sources */ = {isa = PBXBuildFile; fileRef = 691EBDA81FC5723B005FDCAF /* GCDTCPSocket.swift */; };
		691EBE521FC66E74005FDCAF /* NWTCPSocket.swift in Sources */ = {isa = PBXBuildFile; fileRef = 691EBDAA1FC57242005FDCAF /* NWTCPSocket.swift */; };
		691EBE531FC66E79005FDCAF /* StreamScanner.swift in Sources */ = {isa = PBXBuildFile; fileRef = 691EBDB21FC57341005FDCAF /* StreamScanner.swift */; };
		691EBE541FC66E7D005FDCAF /* Opt.swift in Sources */ = {isa = PBXBuildFile; fileRef = 691EBDB61FC57385005FDCAF /* Opt.swift */; };
		691EBE551FC66E81005FDCAF /* RawSocketFactory.swift in Sources */ = {isa = PBXBuildFile; fileRef = 691EBDB81FC57399005FDCAF /* RawSocketFactory.swift */; };
		691EBE561FC66E85005FDCAF /* Xsocket.swift in Sources */ = {isa = PBXBuildFile; fileRef = 691EBDBA1FC573BA005FDCAF /* Xsocket.swift */; };
/* End PBXBuildFile section */

/* Begin PBXFileReference section */
		6913C3B61FDFD64A006483C1 /* Port.swift */ = {isa = PBXFileReference; fileEncoding = 4; lastKnownFileType = sourcecode.swift; path = Port.swift; sourceTree = "<group>"; };
		6913C4141FE12620006483C1 /* RAWUDPSocket.swift */ = {isa = PBXFileReference; fileEncoding = 4; lastKnownFileType = sourcecode.swift; path = RAWUDPSocket.swift; sourceTree = "<group>"; };
		6913C4171FE12636006483C1 /* NWUDPSocket.swift */ = {isa = PBXFileReference; fileEncoding = 4; lastKnownFileType = sourcecode.swift; path = NWUDPSocket.swift; sourceTree = "<group>"; };
		691EBD9D1FC5705B005FDCAF /* XSocket.framework */ = {isa = PBXFileReference; explicitFileType = wrapper.framework; includeInIndex = 0; path = XSocket.framework; sourceTree = BUILT_PRODUCTS_DIR; };
		691EBDA01FC5705B005FDCAF /* XSocket.h */ = {isa = PBXFileReference; lastKnownFileType = sourcecode.c.h; path = XSocket.h; sourceTree = "<group>"; };
		691EBDA11FC5705B005FDCAF /* Info.plist */ = {isa = PBXFileReference; lastKnownFileType = text.plist.xml; path = Info.plist; sourceTree = "<group>"; };
		691EBDA81FC5723B005FDCAF /* GCDTCPSocket.swift */ = {isa = PBXFileReference; fileEncoding = 4; lastKnownFileType = sourcecode.swift; path = GCDTCPSocket.swift; sourceTree = "<group>"; };
		691EBDAA1FC57242005FDCAF /* NWTCPSocket.swift */ = {isa = PBXFileReference; fileEncoding = 4; lastKnownFileType = sourcecode.swift; path = NWTCPSocket.swift; sourceTree = "<group>"; };
		691EBDB01FC5732C005FDCAF /* RawSocketProtocol.swift */ = {isa = PBXFileReference; fileEncoding = 4; lastKnownFileType = sourcecode.swift; path = RawSocketProtocol.swift; sourceTree = "<group>"; };
		691EBDB21FC57341005FDCAF /* StreamScanner.swift */ = {isa = PBXFileReference; fileEncoding = 4; lastKnownFileType = sourcecode.swift; path = StreamScanner.swift; sourceTree = "<group>"; };
		691EBDB41FC5736F005FDCAF /* IPAddress.swift */ = {isa = PBXFileReference; fileEncoding = 4; lastKnownFileType = sourcecode.swift; path = IPAddress.swift; sourceTree = "<group>"; };
		691EBDB61FC57385005FDCAF /* Opt.swift */ = {isa = PBXFileReference; fileEncoding = 4; lastKnownFileType = sourcecode.swift; path = Opt.swift; sourceTree = "<group>"; };
		691EBDB81FC57399005FDCAF /* RawSocketFactory.swift */ = {isa = PBXFileReference; fileEncoding = 4; lastKnownFileType = sourcecode.swift; path = RawSocketFactory.swift; sourceTree = "<group>"; };
		691EBDBA1FC573BA005FDCAF /* Xsocket.swift */ = {isa = PBXFileReference; lastKnownFileType = sourcecode.swift; path = Xsocket.swift; sourceTree = "<group>"; };
		691EBE471FC66E61005FDCAF /* XSocket.framework */ = {isa = PBXFileReference; explicitFileType = wrapper.framework; includeInIndex = 0; path = XSocket.framework; sourceTree = BUILT_PRODUCTS_DIR; };
		691EBE491FC66E61005FDCAF /* XSocketMac.h */ = {isa = PBXFileReference; lastKnownFileType = sourcecode.c.h; path = XSocketMac.h; sourceTree = "<group>"; };
		691EBE4A1FC66E61005FDCAF /* Info.plist */ = {isa = PBXFileReference; lastKnownFileType = text.plist.xml; path = Info.plist; sourceTree = "<group>"; };
		69C7DBEC1FE2487E00FB7FA2 /* ios.xcconfig */ = {isa = PBXFileReference; lastKnownFileType = text.xcconfig; path = ios.xcconfig; sourceTree = "<group>"; };
		69C7DBED1FE2489500FB7FA2 /* mac.xcconfig */ = {isa = PBXFileReference; lastKnownFileType = text.xcconfig; path = mac.xcconfig; sourceTree = "<group>"; };
/* End PBXFileReference section */

/* Begin PBXFrameworksBuildPhase section */
		691EBD991FC5705B005FDCAF /* Frameworks */ = {
			isa = PBXFrameworksBuildPhase;
			buildActionMask = 2147483647;
			files = (
			);
			runOnlyForDeploymentPostprocessing = 0;
		};
		691EBE431FC66E61005FDCAF /* Frameworks */ = {
			isa = PBXFrameworksBuildPhase;
			buildActionMask = 2147483647;
			files = (
			);
			runOnlyForDeploymentPostprocessing = 0;
		};
/* End PBXFrameworksBuildPhase section */

/* Begin PBXGroup section */
		691EBD931FC5705B005FDCAF = {
			isa = PBXGroup;
			children = (
				691EBD9F1FC5705B005FDCAF /* XSocket */,
				691EBE481FC66E61005FDCAF /* XSocketMac */,
				691EBD9E1FC5705B005FDCAF /* Products */,
			);
			sourceTree = "<group>";
		};
		691EBD9E1FC5705B005FDCAF /* Products */ = {
			isa = PBXGroup;
			children = (
				691EBD9D1FC5705B005FDCAF /* XSocket.framework */,
				691EBE471FC66E61005FDCAF /* XSocket.framework */,
			);
			name = Products;
			sourceTree = "<group>";
		};
		691EBD9F1FC5705B005FDCAF /* XSocket */ = {
			isa = PBXGroup;
			children = (
				6913C4171FE12636006483C1 /* NWUDPSocket.swift */,
				691EBDB41FC5736F005FDCAF /* IPAddress.swift */,
				6913C3B61FDFD64A006483C1 /* Port.swift */,
				691EBDB01FC5732C005FDCAF /* RawSocketProtocol.swift */,
				6913C4141FE12620006483C1 /* RAWUDPSocket.swift */,
				691EBDA81FC5723B005FDCAF /* GCDTCPSocket.swift */,
				691EBDAA1FC57242005FDCAF /* NWTCPSocket.swift */,
				691EBDB21FC57341005FDCAF /* StreamScanner.swift */,
				691EBDB61FC57385005FDCAF /* Opt.swift */,
				691EBDB81FC57399005FDCAF /* RawSocketFactory.swift */,
				691EBDBA1FC573BA005FDCAF /* Xsocket.swift */,
				691EBDA01FC5705B005FDCAF /* XSocket.h */,
				691EBDA11FC5705B005FDCAF /* Info.plist */,
				69C7DBEC1FE2487E00FB7FA2 /* ios.xcconfig */,
			);
			path = XSocket;
			sourceTree = "<group>";
		};
		691EBE481FC66E61005FDCAF /* XSocketMac */ = {
			isa = PBXGroup;
			children = (
				691EBE491FC66E61005FDCAF /* XSocketMac.h */,
				69C7DBED1FE2489500FB7FA2 /* mac.xcconfig */,
				691EBE4A1FC66E61005FDCAF /* Info.plist */,
			);
			path = XSocketMac;
			sourceTree = "<group>";
		};
/* End PBXGroup section */

/* Begin PBXHeadersBuildPhase section */
		691EBD9A1FC5705B005FDCAF /* Headers */ = {
			isa = PBXHeadersBuildPhase;
			buildActionMask = 2147483647;
			files = (
				691EBDA21FC5705B005FDCAF /* XSocket.h in Headers */,
			);
			runOnlyForDeploymentPostprocessing = 0;
		};
		691EBE441FC66E61005FDCAF /* Headers */ = {
			isa = PBXHeadersBuildPhase;
			buildActionMask = 2147483647;
			files = (
				691EBE4B1FC66E61005FDCAF /* XSocketMac.h in Headers */,
			);
			runOnlyForDeploymentPostprocessing = 0;
		};
/* End PBXHeadersBuildPhase section */

/* Begin PBXNativeTarget section */
		691EBD9C1FC5705B005FDCAF /* XSocket */ = {
			isa = PBXNativeTarget;
			buildConfigurationList = 691EBDA51FC5705B005FDCAF /* Build configuration list for PBXNativeTarget "XSocket" */;
			buildPhases = (
				691EBD981FC5705B005FDCAF /* Sources */,
				691EBD991FC5705B005FDCAF /* Frameworks */,
				691EBD9A1FC5705B005FDCAF /* Headers */,
				691EBD9B1FC5705B005FDCAF /* Resources */,
			);
			buildRules = (
			);
			dependencies = (
			);
			name = XSocket;
			productName = XSocket;
			productReference = 691EBD9D1FC5705B005FDCAF /* XSocket.framework */;
			productType = "com.apple.product-type.framework";
		};
		691EBE461FC66E61005FDCAF /* XSocketMac */ = {
			isa = PBXNativeTarget;
			buildConfigurationList = 691EBE4E1FC66E61005FDCAF /* Build configuration list for PBXNativeTarget "XSocketMac" */;
			buildPhases = (
				691EBE421FC66E61005FDCAF /* Sources */,
				691EBE431FC66E61005FDCAF /* Frameworks */,
				691EBE441FC66E61005FDCAF /* Headers */,
				691EBE451FC66E61005FDCAF /* Resources */,
			);
			buildRules = (
			);
			dependencies = (
			);
			name = XSocketMac;
			productName = XSocketMac;
			productReference = 691EBE471FC66E61005FDCAF /* XSocket.framework */;
			productType = "com.apple.product-type.framework";
		};
/* End PBXNativeTarget section */

/* Begin PBXProject section */
		691EBD941FC5705B005FDCAF /* Project object */ = {
			isa = PBXProject;
			attributes = {
				LastUpgradeCheck = 0920;
				ORGANIZATIONNAME = yarshure;
				TargetAttributes = {
					691EBD9C1FC5705B005FDCAF = {
						CreatedOnToolsVersion = 9.1;
						LastSwiftMigration = 0910;
						ProvisioningStyle = Manual;
					};
					691EBE461FC66E61005FDCAF = {
						CreatedOnToolsVersion = 9.1;
						ProvisioningStyle = Manual;
					};
				};
			};
			buildConfigurationList = 691EBD971FC5705B005FDCAF /* Build configuration list for PBXProject "XSocket" */;
			compatibilityVersion = "Xcode 8.0";
			developmentRegion = en;
			hasScannedForEncodings = 0;
			knownRegions = (
				en,
			);
			mainGroup = 691EBD931FC5705B005FDCAF;
			productRefGroup = 691EBD9E1FC5705B005FDCAF /* Products */;
			projectDirPath = "";
			projectRoot = "";
			targets = (
				691EBD9C1FC5705B005FDCAF /* XSocket */,
				691EBE461FC66E61005FDCAF /* XSocketMac */,
			);
		};
/* End PBXProject section */

/* Begin PBXResourcesBuildPhase section */
		691EBD9B1FC5705B005FDCAF /* Resources */ = {
			isa = PBXResourcesBuildPhase;
			buildActionMask = 2147483647;
			files = (
			);
			runOnlyForDeploymentPostprocessing = 0;
		};
		691EBE451FC66E61005FDCAF /* Resources */ = {
			isa = PBXResourcesBuildPhase;
			buildActionMask = 2147483647;
			files = (
			);
			runOnlyForDeploymentPostprocessing = 0;
		};
/* End PBXResourcesBuildPhase section */

/* Begin PBXSourcesBuildPhase section */
		691EBD981FC5705B005FDCAF /* Sources */ = {
			isa = PBXSourcesBuildPhase;
			buildActionMask = 2147483647;
			files = (
				691EBDB91FC57399005FDCAF /* RawSocketFactory.swift in Sources */,
				691EBDBB1FC573BA005FDCAF /* Xsocket.swift in Sources */,
				6913C4151FE12620006483C1 /* RAWUDPSocket.swift in Sources */,
				691EBDB31FC57341005FDCAF /* StreamScanner.swift in Sources */,
				691EBDA91FC5723B005FDCAF /* GCDTCPSocket.swift in Sources */,
				691EBDAB1FC57242005FDCAF /* NWTCPSocket.swift in Sources */,
				691EBDB51FC5736F005FDCAF /* IPAddress.swift in Sources */,
				6913C3B71FDFD64A006483C1 /* Port.swift in Sources */,
				6913C4181FE12636006483C1 /* NWUDPSocket.swift in Sources */,
				691EBDB11FC5732C005FDCAF /* RawSocketProtocol.swift in Sources */,
				691EBDB71FC57385005FDCAF /* Opt.swift in Sources */,
			);
			runOnlyForDeploymentPostprocessing = 0;
		};
		691EBE421FC66E61005FDCAF /* Sources */ = {
			isa = PBXSourcesBuildPhase;
			buildActionMask = 2147483647;
			files = (
				691EBE551FC66E81005FDCAF /* RawSocketFactory.swift in Sources */,
				691EBE561FC66E85005FDCAF /* Xsocket.swift in Sources */,
				6913C4161FE12620006483C1 /* RAWUDPSocket.swift in Sources */,
				691EBE4F1FC66E6A005FDCAF /* IPAddress.swift in Sources */,
				691EBE521FC66E74005FDCAF /* NWTCPSocket.swift in Sources */,
				691EBE501FC66E6E005FDCAF /* RawSocketProtocol.swift in Sources */,
				691EBE511FC66E71005FDCAF /* GCDTCPSocket.swift in Sources */,
				6913C3B81FDFD64A006483C1 /* Port.swift in Sources */,
				6913C4191FE12636006483C1 /* NWUDPSocket.swift in Sources */,
				691EBE531FC66E79005FDCAF /* StreamScanner.swift in Sources */,
				691EBE541FC66E7D005FDCAF /* Opt.swift in Sources */,
			);
			runOnlyForDeploymentPostprocessing = 0;
		};
/* End PBXSourcesBuildPhase section */

/* Begin XCBuildConfiguration section */
		691EBDA31FC5705B005FDCAF /* Debug */ = {
			isa = XCBuildConfiguration;
			buildSettings = {
				ALWAYS_SEARCH_USER_PATHS = NO;
				CLANG_ANALYZER_NONNULL = YES;
				CLANG_ANALYZER_NUMBER_OBJECT_CONVERSION = YES_AGGRESSIVE;
				CLANG_CXX_LANGUAGE_STANDARD = "gnu++14";
				CLANG_CXX_LIBRARY = "libc++";
				CLANG_ENABLE_MODULES = YES;
				CLANG_ENABLE_OBJC_ARC = YES;
				CLANG_WARN_BLOCK_CAPTURE_AUTORELEASING = YES;
				CLANG_WARN_BOOL_CONVERSION = YES;
				CLANG_WARN_COMMA = YES;
				CLANG_WARN_CONSTANT_CONVERSION = YES;
				CLANG_WARN_DIRECT_OBJC_ISA_USAGE = YES_ERROR;
				CLANG_WARN_DOCUMENTATION_COMMENTS = YES;
				CLANG_WARN_EMPTY_BODY = YES;
				CLANG_WARN_ENUM_CONVERSION = YES;
				CLANG_WARN_INFINITE_RECURSION = YES;
				CLANG_WARN_INT_CONVERSION = YES;
				CLANG_WARN_NON_LITERAL_NULL_CONVERSION = YES;
				CLANG_WARN_OBJC_LITERAL_CONVERSION = YES;
				CLANG_WARN_OBJC_ROOT_CLASS = YES_ERROR;
				CLANG_WARN_RANGE_LOOP_ANALYSIS = YES;
				CLANG_WARN_STRICT_PROTOTYPES = YES;
				CLANG_WARN_SUSPICIOUS_MOVE = YES;
				CLANG_WARN_UNGUARDED_AVAILABILITY = YES_AGGRESSIVE;
				CLANG_WARN_UNREACHABLE_CODE = YES;
				CLANG_WARN__DUPLICATE_METHOD_MATCH = YES;
				CODE_SIGN_IDENTITY = "iPhone Developer";
				COPY_PHASE_STRIP = NO;
				CURRENT_PROJECT_VERSION = 1;
				DEBUG_INFORMATION_FORMAT = dwarf;
				ENABLE_STRICT_OBJC_MSGSEND = YES;
				ENABLE_TESTABILITY = YES;
				GCC_C_LANGUAGE_STANDARD = gnu11;
				GCC_DYNAMIC_NO_PIC = NO;
				GCC_NO_COMMON_BLOCKS = YES;
				GCC_OPTIMIZATION_LEVEL = 0;
				GCC_PREPROCESSOR_DEFINITIONS = (
					"DEBUG=1",
					"$(inherited)",
				);
				GCC_WARN_64_TO_32_BIT_CONVERSION = YES;
				GCC_WARN_ABOUT_RETURN_TYPE = YES_ERROR;
				GCC_WARN_UNDECLARED_SELECTOR = YES;
				GCC_WARN_UNINITIALIZED_AUTOS = YES_AGGRESSIVE;
				GCC_WARN_UNUSED_FUNCTION = YES;
				GCC_WARN_UNUSED_VARIABLE = YES;
				IPHONEOS_DEPLOYMENT_TARGET = 11.1;
				MTL_ENABLE_DEBUG_INFO = YES;
				ONLY_ACTIVE_ARCH = YES;
				SDKROOT = iphoneos;
				SWIFT_ACTIVE_COMPILATION_CONDITIONS = DEBUG;
				SWIFT_OPTIMIZATION_LEVEL = "-Onone";
				VERSIONING_SYSTEM = "apple-generic";
				VERSION_INFO_PREFIX = "";
			};
			name = Debug;
		};
		691EBDA41FC5705B005FDCAF /* Release */ = {
			isa = XCBuildConfiguration;
			buildSettings = {
				ALWAYS_SEARCH_USER_PATHS = NO;
				CLANG_ANALYZER_NONNULL = YES;
				CLANG_ANALYZER_NUMBER_OBJECT_CONVERSION = YES_AGGRESSIVE;
				CLANG_CXX_LANGUAGE_STANDARD = "gnu++14";
				CLANG_CXX_LIBRARY = "libc++";
				CLANG_ENABLE_MODULES = YES;
				CLANG_ENABLE_OBJC_ARC = YES;
				CLANG_WARN_BLOCK_CAPTURE_AUTORELEASING = YES;
				CLANG_WARN_BOOL_CONVERSION = YES;
				CLANG_WARN_COMMA = YES;
				CLANG_WARN_CONSTANT_CONVERSION = YES;
				CLANG_WARN_DIRECT_OBJC_ISA_USAGE = YES_ERROR;
				CLANG_WARN_DOCUMENTATION_COMMENTS = YES;
				CLANG_WARN_EMPTY_BODY = YES;
				CLANG_WARN_ENUM_CONVERSION = YES;
				CLANG_WARN_INFINITE_RECURSION = YES;
				CLANG_WARN_INT_CONVERSION = YES;
				CLANG_WARN_NON_LITERAL_NULL_CONVERSION = YES;
				CLANG_WARN_OBJC_LITERAL_CONVERSION = YES;
				CLANG_WARN_OBJC_ROOT_CLASS = YES_ERROR;
				CLANG_WARN_RANGE_LOOP_ANALYSIS = YES;
				CLANG_WARN_STRICT_PROTOTYPES = YES;
				CLANG_WARN_SUSPICIOUS_MOVE = YES;
				CLANG_WARN_UNGUARDED_AVAILABILITY = YES_AGGRESSIVE;
				CLANG_WARN_UNREACHABLE_CODE = YES;
				CLANG_WARN__DUPLICATE_METHOD_MATCH = YES;
				CODE_SIGN_IDENTITY = "iPhone Developer";
				COPY_PHASE_STRIP = NO;
				CURRENT_PROJECT_VERSION = 1;
				DEBUG_INFORMATION_FORMAT = "dwarf-with-dsym";
				ENABLE_NS_ASSERTIONS = NO;
				ENABLE_STRICT_OBJC_MSGSEND = YES;
				GCC_C_LANGUAGE_STANDARD = gnu11;
				GCC_NO_COMMON_BLOCKS = YES;
				GCC_WARN_64_TO_32_BIT_CONVERSION = YES;
				GCC_WARN_ABOUT_RETURN_TYPE = YES_ERROR;
				GCC_WARN_UNDECLARED_SELECTOR = YES;
				GCC_WARN_UNINITIALIZED_AUTOS = YES_AGGRESSIVE;
				GCC_WARN_UNUSED_FUNCTION = YES;
				GCC_WARN_UNUSED_VARIABLE = YES;
				IPHONEOS_DEPLOYMENT_TARGET = 11.1;
				MTL_ENABLE_DEBUG_INFO = NO;
				SDKROOT = iphoneos;
				SWIFT_OPTIMIZATION_LEVEL = "-Owholemodule";
				VALIDATE_PRODUCT = YES;
				VERSIONING_SYSTEM = "apple-generic";
				VERSION_INFO_PREFIX = "";
			};
			name = Release;
		};
		691EBDA61FC5705B005FDCAF /* Debug */ = {
			isa = XCBuildConfiguration;
			baseConfigurationReference = 69C7DBEC1FE2487E00FB7FA2 /* ios.xcconfig */;
			buildSettings = {
				APPLICATION_EXTENSION_API_ONLY = YES;
				CLANG_ENABLE_MODULES = YES;
				CODE_SIGN_IDENTITY = "";
				CODE_SIGN_STYLE = Manual;
				DEFINES_MODULE = YES;
				DEVELOPMENT_TEAM = "";
				DYLIB_COMPATIBILITY_VERSION = 1;
				DYLIB_CURRENT_VERSION = 1;
				DYLIB_INSTALL_NAME_BASE = "@rpath";
				FRAMEWORK_SEARCH_PATHS = (
					"$(inherited)",
					"$(PROJECT_DIR)/Carthage/Build/iOS",
					"$(PROJECT_DIR)/Carthage/Build/Mac",
				);
				INFOPLIST_FILE = XSocket/Info.plist;
				INSTALL_PATH = "$(LOCAL_LIBRARY_DIR)/Frameworks";
				IPHONEOS_DEPLOYMENT_TARGET = 10.0;
				LD_RUNPATH_SEARCH_PATHS = "$(inherited) @executable_path/Frameworks @loader_path/Frameworks";
				PRODUCT_BUNDLE_IDENTIFIER = com.yarshure.XSocket;
				PRODUCT_NAME = "$(TARGET_NAME:c99extidentifier)";
				PROVISIONING_PROFILE_SPECIFIER = "";
				SKIP_INSTALL = YES;
				SWIFT_OPTIMIZATION_LEVEL = "-Onone";
				SWIFT_VERSION = 4.0;
				TARGETED_DEVICE_FAMILY = "1,2";
			};
			name = Debug;
		};
		691EBDA71FC5705B005FDCAF /* Release */ = {
			isa = XCBuildConfiguration;
			baseConfigurationReference = 69C7DBEC1FE2487E00FB7FA2 /* ios.xcconfig */;
			buildSettings = {
				APPLICATION_EXTENSION_API_ONLY = YES;
				CLANG_ENABLE_MODULES = YES;
				CODE_SIGN_IDENTITY = "";
				CODE_SIGN_STYLE = Manual;
				DEFINES_MODULE = YES;
				DEVELOPMENT_TEAM = "";
				DYLIB_COMPATIBILITY_VERSION = 1;
				DYLIB_CURRENT_VERSION = 1;
				DYLIB_INSTALL_NAME_BASE = "@rpath";
				FRAMEWORK_SEARCH_PATHS = (
					"$(inherited)",
					"$(PROJECT_DIR)/Carthage/Build/iOS",
					"$(PROJECT_DIR)/Carthage/Build/Mac",
				);
				INFOPLIST_FILE = XSocket/Info.plist;
				INSTALL_PATH = "$(LOCAL_LIBRARY_DIR)/Frameworks";
				IPHONEOS_DEPLOYMENT_TARGET = 10.0;
				LD_RUNPATH_SEARCH_PATHS = "$(inherited) @executable_path/Frameworks @loader_path/Frameworks";
				PRODUCT_BUNDLE_IDENTIFIER = com.yarshure.XSocket;
				PRODUCT_NAME = "$(TARGET_NAME:c99extidentifier)";
				PROVISIONING_PROFILE_SPECIFIER = "";
				SKIP_INSTALL = YES;
				SWIFT_VERSION = 4.0;
				TARGETED_DEVICE_FAMILY = "1,2";
			};
			name = Release;
		};
		691EBE4C1FC66E61005FDCAF /* Debug */ = {
			isa = XCBuildConfiguration;
			baseConfigurationReference = 69C7DBED1FE2489500FB7FA2 /* mac.xcconfig */;
			buildSettings = {
				APPLICATION_EXTENSION_API_ONLY = YES;
				CODE_SIGN_IDENTITY = "";
				CODE_SIGN_STYLE = Manual;
				COMBINE_HIDPI_IMAGES = YES;
				DEFINES_MODULE = YES;
				DEVELOPMENT_TEAM = "";
				DYLIB_COMPATIBILITY_VERSION = 1;
				DYLIB_CURRENT_VERSION = 1;
				DYLIB_INSTALL_NAME_BASE = "@rpath";
				FRAMEWORK_SEARCH_PATHS = (
					"$(inherited)",
					"$(PROJECT_DIR)/Carthage/Build/Mac",
				);
				FRAMEWORK_VERSION = A;
				INFOPLIST_FILE = XSocketMac/Info.plist;
				INSTALL_PATH = "$(LOCAL_LIBRARY_DIR)/Frameworks";
				LD_RUNPATH_SEARCH_PATHS = "$(inherited) @executable_path/../Frameworks @loader_path/Frameworks";
				MACOSX_DEPLOYMENT_TARGET = 10.11;
				PRODUCT_BUNDLE_IDENTIFIER = com.yarshure.XSocket;
				PRODUCT_NAME = XSocket;
				PROVISIONING_PROFILE_SPECIFIER = "";
				SDKROOT = macosx;
				SKIP_INSTALL = YES;
				SWIFT_VERSION = 4.0;
			};
			name = Debug;
		};
		691EBE4D1FC66E61005FDCAF /* Release */ = {
			isa = XCBuildConfiguration;
			baseConfigurationReference = 69C7DBED1FE2489500FB7FA2 /* mac.xcconfig */;
			buildSettings = {
				APPLICATION_EXTENSION_API_ONLY = YES;
				CODE_SIGN_IDENTITY = "";
				CODE_SIGN_STYLE = Manual;
				COMBINE_HIDPI_IMAGES = YES;
				DEFINES_MODULE = YES;
				DEVELOPMENT_TEAM = "";
				DYLIB_COMPATIBILITY_VERSION = 1;
				DYLIB_CURRENT_VERSION = 1;
				DYLIB_INSTALL_NAME_BASE = "@rpath";
				FRAMEWORK_SEARCH_PATHS = (
					"$(inherited)",
					"$(PROJECT_DIR)/Carthage/Build/Mac",
				);
				FRAMEWORK_VERSION = A;
				INFOPLIST_FILE = XSocketMac/Info.plist;
				INSTALL_PATH = "$(LOCAL_LIBRARY_DIR)/Frameworks";
				LD_RUNPATH_SEARCH_PATHS = "$(inherited) @executable_path/../Frameworks @loader_path/Frameworks";
				MACOSX_DEPLOYMENT_TARGET = 10.11;
				PRODUCT_BUNDLE_IDENTIFIER = com.yarshure.XSocket;
				PRODUCT_NAME = XSocket;
				PROVISIONING_PROFILE_SPECIFIER = "";
				SDKROOT = macosx;
				SKIP_INSTALL = YES;
				SWIFT_VERSION = 4.0;
			};
			name = Release;
		};
/* End XCBuildConfiguration section */

/* Begin XCConfigurationList section */
		691EBD971FC5705B005FDCAF /* Build configuration list for PBXProject "XSocket" */ = {
			isa = XCConfigurationList;
			buildConfigurations = (
				691EBDA31FC5705B005FDCAF /* Debug */,
				691EBDA41FC5705B005FDCAF /* Release */,
			);
			defaultConfigurationIsVisible = 0;
			defaultConfigurationName = Release;
		};
		691EBDA51FC5705B005FDCAF /* Build configuration list for PBXNativeTarget "XSocket" */ = {
			isa = XCConfigurationList;
			buildConfigurations = (
				691EBDA61FC5705B005FDCAF /* Debug */,
				691EBDA71FC5705B005FDCAF /* Release */,
			);
			defaultConfigurationIsVisible = 0;
			defaultConfigurationName = Release;
		};
		691EBE4E1FC66E61005FDCAF /* Build configuration list for PBXNativeTarget "XSocketMac" */ = {
			isa = XCConfigurationList;
			buildConfigurations = (
				691EBE4C1FC66E61005FDCAF /* Debug */,
				691EBE4D1FC66E61005FDCAF /* Release */,
			);
			defaultConfigurationIsVisible = 0;
			defaultConfigurationName = Release;
		};
/* End XCConfigurationList section */
	};
	rootObject = 691EBD941FC5705B005FDCAF /* Project object */;
}
